
Microsoft Visual Studio Solution File, Format Version 12.00
# Visual Studio Version 17
VisualStudioVersion = 17.13.35931.197 d17.13
MinimumVisualStudioVersion = 10.0.40219.1
Project("{FAE04EC0-301F-11D3-BF4B-00C04F79EFBC}") = "test-github-azure", "test-github-azure\test-github-azure.csproj", "{0ADBBBDF-53D4-4F06-A734-D9CE1D1E342F}"
EndProject
Project("{FAE04EC0-301F-11D3-BF4B-00C04F79EFBC}") = "test-github.Test", "test-github.Test\test-github.Test.csproj", "{A88EC1AD-E6ED-49E6-8F47-F44B7013F418}"
EndProject
Global
	GlobalSection(SolutionConfigurationPlatforms) = preSolution
		Debug|Any CPU = Debug|Any CPU
		Release|Any CPU = Release|Any CPU
	EndGlobalSection
	GlobalSection(ProjectConfigurationPlatforms) = postSolution
		{0ADBBBDF-53D4-4F06-A734-D9CE1D1E342F}.Debug|Any CPU.ActiveCfg = Debug|Any CPU
		{0ADBBBDF-53D4-4F06-A734-D9CE1D1E342F}.Debug|Any CPU.Build.0 = Debug|Any CPU
		{0ADBBBDF-53D4-4F06-A734-D9CE1D1E342F}.Release|Any CPU.ActiveCfg = Release|Any CPU
		{0ADBBBDF-53D4-4F06-A734-D9CE1D1E342F}.Release|Any CPU.Build.0 = Release|Any CPU
		{A88EC1AD-E6ED-49E6-8F47-F44B7013F418}.Debug|Any CPU.ActiveCfg = Debug|Any CPU
		{A88EC1AD-E6ED-49E6-8F47-F44B7013F418}.Debug|Any CPU.Build.0 = Debug|Any CPU
		{A88EC1AD-E6ED-49E6-8F47-F44B7013F418}.Release|Any CPU.ActiveCfg = Release|Any CPU
		{A88EC1AD-E6ED-49E6-8F47-F44B7013F418}.Release|Any CPU.Build.0 = Release|Any CPU
	EndGlobalSection
	GlobalSection(SolutionProperties) = preSolution
		HideSolutionNode = FALSE
	EndGlobalSection
	GlobalSection(ExtensibilityGlobals) = postSolution
		SolutionGuid = {434EE1F3-316D-49DB-8854-ECC84DC2A4E4}
	EndGlobalSection
EndGlobal
